# This file is @generated by PDM.
# It is not intended for manual editing.

[[package]]
name = "aiomysql"
version = "0.1.1"
requires_python = ">=3.7"
summary = "MySQL driver for asyncio."
dependencies = [
    "PyMySQL>=1.0",
]

[[package]]
name = "aiosqlite"
version = "0.17.0"
requires_python = ">=3.6"
summary = "asyncio bridge to the standard sqlite3 module"
dependencies = [
    "typing-extensions>=3.7.2",
]

[[package]]
name = "anyio"
version = "3.6.2"
requires_python = ">=3.6.2"
summary = "High level compatibility layer for multiple asynchronous event loop implementations"
dependencies = [
    "idna>=2.8",
    "sniffio>=1.1",
]

[[package]]
name = "click"
version = "8.1.3"
requires_python = ">=3.7"
summary = "Composable command line interface toolkit"
dependencies = [
    "colorama; platform_system == \"Windows\"",
]

[[package]]
name = "colorama"
version = "0.4.6"
requires_python = "!=3.0.*,!=3.1.*,!=3.2.*,!=3.3.*,!=3.4.*,!=3.5.*,!=3.6.*,>=2.7"
summary = "Cross-platform colored terminal text."

[[package]]
name = "ecdsa"
version = "0.18.0"
requires_python = ">=2.6, !=3.0.*, !=3.1.*, !=3.2.*"
summary = "ECDSA cryptographic signature library (pure python)"
dependencies = [
    "six>=1.9.0",
]

[[package]]
name = "fastapi"
version = "0.95.0"
requires_python = ">=3.7"
summary = "FastAPI framework, high performance, easy to learn, fast to code, ready for production"
dependencies = [
    "pydantic!=1.7,!=1.7.1,!=1.7.2,!=1.7.3,!=1.8,!=1.8.1,<2.0.0,>=1.6.2",
    "starlette<0.27.0,>=0.26.1",
]

[[package]]
name = "h11"
version = "0.14.0"
requires_python = ">=3.7"
summary = "A pure-Python, bring-your-own-I/O implementation of HTTP/1.1"

[[package]]
name = "idna"
version = "3.4"
requires_python = ">=3.5"
summary = "Internationalized Domain Names in Applications (IDNA)"

[[package]]
name = "iso8601"
version = "1.1.0"
requires_python = ">=3.6.2,<4.0"
summary = "Simple module to parse ISO 8601 dates"

[[package]]
name = "passlib"
version = "1.7.4"
summary = "comprehensive password hashing framework supporting over 30 schemes"

[[package]]
name = "pyasn1"
version = "0.4.8"
summary = "ASN.1 types and codecs"

[[package]]
name = "pydantic"
version = "1.10.7"
requires_python = ">=3.7"
summary = "Data validation and settings management using python type hints"
dependencies = [
    "typing-extensions>=4.2.0",
]

[[package]]
name = "pymysql"
version = "1.0.3"
requires_python = ">=3.7"
summary = "Pure Python MySQL Driver"

[[package]]
name = "pypika-tortoise"
version = "0.1.6"
requires_python = ">=3.7,<4.0"
summary = "Forked from pypika and streamline just for tortoise-orm"

[[package]]
name = "python-jose"
version = "3.3.0"
summary = "JOSE implementation in Python"
dependencies = [
    "ecdsa!=0.15",
    "pyasn1",
    "rsa",
]

[[package]]
name = "python-multipart"
version = "0.0.6"
requires_python = ">=3.7"
summary = "A streaming multipart parser for Python"

[[package]]
name = "pytz"
version = "2023.3"
summary = "World timezone definitions, modern and historical"

[[package]]
name = "rsa"
version = "4.9"
requires_python = ">=3.6,<4"
summary = "Pure-Python RSA implementation"
dependencies = [
    "pyasn1>=0.1.3",
]

[[package]]
name = "six"
version = "1.16.0"
requires_python = ">=2.7, !=3.0.*, !=3.1.*, !=3.2.*"
summary = "Python 2 and 3 compatibility utilities"

[[package]]
name = "sniffio"
version = "1.3.0"
requires_python = ">=3.7"
summary = "Sniff out which async library your code is running under"

[[package]]
name = "starlette"
version = "0.26.1"
requires_python = ">=3.7"
summary = "The little ASGI library that shines."
dependencies = [
    "anyio<5,>=3.4.0",
]

[[package]]
name = "tortoise-orm"
version = "0.19.3"
requires_python = ">=3.7,<4.0"
summary = "Easy async ORM for python, built with relations in mind"
dependencies = [
    "aiosqlite<0.18.0,>=0.16.0",
    "iso8601<2.0.0,>=1.0.2",
    "pypika-tortoise<0.2.0,>=0.1.6",
    "pytz",
]

[[package]]
name = "typing-extensions"
version = "4.5.0"
requires_python = ">=3.7"
summary = "Backported and Experimental Type Hints for Python 3.7+"

[[package]]
name = "uvicorn"
version = "0.21.1"
requires_python = ">=3.7"
summary = "The lightning-fast ASGI server."
dependencies = [
    "click>=7.0",
    "h11>=0.8",
]

[metadata]
lock_version = "4.1"
content_hash = "sha256:37054d807741671fa9f00aeaa09ea78ef6045284338dde3d7d0c2eb9ee700a26"

[metadata.files]
