# This file is @generated by PDM.
# It is not intended for manual editing.

[[package]]
name = "aiomysql"
version = "0.1.1"
requires_python = ">=3.7"
summary = "MySQL driver for asyncio."
dependencies = [
    "PyMySQL>=1.0",
]

[[package]]
name = "aiosqlite"
version = "0.17.0"
requires_python = ">=3.6"
summary = "asyncio bridge to the standard sqlite3 module"
dependencies = [
    "typing-extensions>=3.7.2",
]

[[package]]
name = "anyio"
version = "3.6.2"
requires_python = ">=3.6.2"
summary = "High level compatibility layer for multiple asynchronous event loop implementations"
dependencies = [
    "idna>=2.8",
    "sniffio>=1.1",
]

[[package]]
name = "click"
version = "8.1.3"
requires_python = ">=3.7"
summary = "Composable command line interface toolkit"
dependencies = [
    "colorama; platform_system == \"Windows\"",
]

[[package]]
name = "colorama"
version = "0.4.6"
requires_python = "!=3.0.*,!=3.1.*,!=3.2.*,!=3.3.*,!=3.4.*,!=3.5.*,!=3.6.*,>=2.7"
summary = "Cross-platform colored terminal text."

[[package]]
name = "ecdsa"
version = "0.18.0"
requires_python = ">=2.6, !=3.0.*, !=3.1.*, !=3.2.*"
summary = "ECDSA cryptographic signature library (pure python)"
dependencies = [
    "six>=1.9.0",
]

[[package]]
name = "fastapi"
version = "0.95.0"
requires_python = ">=3.7"
summary = "FastAPI framework, high performance, easy to learn, fast to code, ready for production"
dependencies = [
    "pydantic!=1.7,!=1.7.1,!=1.7.2,!=1.7.3,!=1.8,!=1.8.1,<2.0.0,>=1.6.2",
    "starlette<0.27.0,>=0.26.1",
]

[[package]]
name = "h11"
version = "0.14.0"
requires_python = ">=3.7"
summary = "A pure-Python, bring-your-own-I/O implementation of HTTP/1.1"

[[package]]
name = "idna"
version = "3.4"
requires_python = ">=3.5"
summary = "Internationalized Domain Names in Applications (IDNA)"

[[package]]
name = "iso8601"
version = "1.1.0"
requires_python = ">=3.6.2,<4.0"
summary = "Simple module to parse ISO 8601 dates"

[[package]]
name = "passlib"
version = "1.7.4"
summary = "comprehensive password hashing framework supporting over 30 schemes"

[[package]]
name = "pyasn1"
version = "0.4.8"
summary = "ASN.1 types and codecs"

[[package]]
name = "pydantic"
version = "1.10.7"
requires_python = ">=3.7"
summary = "Data validation and settings management using python type hints"
dependencies = [
    "typing-extensions>=4.2.0",
]

[[package]]
name = "pymysql"
version = "1.0.3"
requires_python = ">=3.7"
summary = "Pure Python MySQL Driver"

[[package]]
name = "pypika-tortoise"
version = "0.1.6"
requires_python = ">=3.7,<4.0"
summary = "Forked from pypika and streamline just for tortoise-orm"

[[package]]
name = "python-jose"
version = "3.3.0"
summary = "JOSE implementation in Python"
dependencies = [
    "ecdsa!=0.15",
    "pyasn1",
    "rsa",
]

[[package]]
name = "python-multipart"
version = "0.0.6"
requires_python = ">=3.7"
summary = "A streaming multipart parser for Python"

[[package]]
name = "pytz"
version = "2023.3"
summary = "World timezone definitions, modern and historical"

[[package]]
name = "rsa"
version = "4.9"
requires_python = ">=3.6,<4"
summary = "Pure-Python RSA implementation"
dependencies = [
    "pyasn1>=0.1.3",
]

[[package]]
name = "six"
version = "1.16.0"
requires_python = ">=2.7, !=3.0.*, !=3.1.*, !=3.2.*"
summary = "Python 2 and 3 compatibility utilities"

[[package]]
name = "sniffio"
version = "1.3.0"
requires_python = ">=3.7"
summary = "Sniff out which async library your code is running under"

[[package]]
name = "starlette"
version = "0.26.1"
requires_python = ">=3.7"
summary = "The little ASGI library that shines."
dependencies = [
    "anyio<5,>=3.4.0",
]

[[package]]
name = "tortoise-orm"
version = "0.19.3"
requires_python = ">=3.7,<4.0"
summary = "Easy async ORM for python, built with relations in mind"
dependencies = [
    "aiosqlite<0.18.0,>=0.16.0",
    "iso8601<2.0.0,>=1.0.2",
    "pypika-tortoise<0.2.0,>=0.1.6",
    "pytz",
]

[[package]]
name = "typing-extensions"
version = "4.5.0"
requires_python = ">=3.7"
summary = "Backported and Experimental Type Hints for Python 3.7+"

[[package]]
name = "uvicorn"
version = "0.21.1"
requires_python = ">=3.7"
summary = "The lightning-fast ASGI server."
dependencies = [
    "click>=7.0",
    "h11>=0.8",
]

[metadata]
lock_version = "4.1"
content_hash = "sha256:37054d807741671fa9f00aeaa09ea78ef6045284338dde3d7d0c2eb9ee700a26"

[metadata.files]
"aiomysql 0.1.1" = [
    {url = "https://pypi.doubanio.com/packages/31/03/1a112200f689892e0faa60d6fa8bff4fffc1d5fa29833c5d1439de808628/aiomysql-0.1.1.tar.gz", hash = "sha256:0d686c4fdae6b67d1825d8be60fa3b0e644fca2c84d3c936d850fc259c8e107e"},
    {url = "https://pypi.doubanio.com/packages/92/09/4be9cda17cfb0334e15df26f52f580e5611457a41cf972c1e31aa7e0ceeb/aiomysql-0.1.1-py3-none-any.whl", hash = "sha256:b66fa1481ca71c5ee0d933ec3abf51f6136543a3710ba80b134eb33da7ed6f13"},
]
"aiosqlite 0.17.0" = [
    {url = "https://pypi.doubanio.com/packages/40/e0/ad1edd74311831ca71b32a5b83352b490d78d11a90a1cde04e1b6830e018/aiosqlite-0.17.0.tar.gz", hash = "sha256:f0e6acc24bc4864149267ac82fb46dfb3be4455f99fe21df82609cc6e6baee51"},
    {url = "https://pypi.doubanio.com/packages/a0/48/77c0092f716c4bf9460dca44f5120f70b8f71f14a12f40d22551a7152719/aiosqlite-0.17.0-py3-none-any.whl", hash = "sha256:6c49dc6d3405929b1d08eeccc72306d3677503cc5e5e43771efc1e00232e8231"},
]
"anyio 3.6.2" = [
    {url = "https://pypi.doubanio.com/packages/77/2b/b4c0b7a3f3d61adb1a1e0b78f90a94e2b6162a043880704b7437ef297cad/anyio-3.6.2-py3-none-any.whl", hash = "sha256:fbbe32bd270d2a2ef3ed1c5d45041250284e31fc0a4df4a5a6071842051a51e3"},
    {url = "https://pypi.doubanio.com/packages/8b/94/6928d4345f2bc1beecbff03325cad43d320717f51ab74ab5a571324f4f5a/anyio-3.6.2.tar.gz", hash = "sha256:25ea0d673ae30af41a0c442f81cf3b38c7e79fdc7b60335a4c14e05eb0947421"},
]
"click 8.1.3" = [
    {url = "https://pypi.doubanio.com/packages/59/87/84326af34517fca8c58418d148f2403df25303e02736832403587318e9e8/click-8.1.3.tar.gz", hash = "sha256:7682dc8afb30297001674575ea00d1814d808d6a36af415a82bd481d37ba7b8e"},
    {url = "https://pypi.doubanio.com/packages/c2/f1/df59e28c642d583f7dacffb1e0965d0e00b218e0186d7858ac5233dce840/click-8.1.3-py3-none-any.whl", hash = "sha256:bb4d8133cb15a609f44e8213d9b391b0809795062913b383c62be0ee95b1db48"},
]
"colorama 0.4.6" = [
    {url = "https://pypi.doubanio.com/packages/d1/d6/3965ed04c63042e047cb6a3e6ed1a63a35087b6a609aa3a15ed8ac56c221/colorama-0.4.6-py2.py3-none-any.whl", hash = "sha256:4f1d9991f5acc0ca119f9d443620b77f9d6b33703e51011c16baf57afb285fc6"},
    {url = "https://pypi.doubanio.com/packages/d8/53/6f443c9a4a8358a93a6792e2acffb9d9d5cb0a5cfd8802644b7b1c9a02e4/colorama-0.4.6.tar.gz", hash = "sha256:08695f5cb7ed6e0531a20572697297273c47b8cae5a63ffc6d6ed5c201be6e44"},
]
"ecdsa 0.18.0" = [
    {url = "https://pypi.doubanio.com/packages/09/d4/4f05f5d16a4863b30ba96c23b23e942da8889abfa1cdbabf2a0df12a4532/ecdsa-0.18.0-py2.py3-none-any.whl", hash = "sha256:80600258e7ed2f16b9aa1d7c295bd70194109ad5a30fdee0eaeefef1d4c559dd"},
    {url = "https://pypi.doubanio.com/packages/ff/7b/ba6547a76c468a0d22de93e89ae60d9561ec911f59532907e72b0d8bc0f1/ecdsa-0.18.0.tar.gz", hash = "sha256:190348041559e21b22a1d65cee485282ca11a6f81d503fddb84d5017e9ed1e49"},
]
"fastapi 0.95.0" = [
    {url = "https://pypi.doubanio.com/packages/38/a0/122f89a38bb42260bc65ec37ebce40457ea0731a0949af43a4c7a6dbadfd/fastapi-0.95.0.tar.gz", hash = "sha256:99d4fdb10e9dd9a24027ac1d0bd4b56702652056ca17a6c8721eec4ad2f14e18"},
    {url = "https://pypi.doubanio.com/packages/3f/91/5412a4c845d1b88cfded182b0e5553e3498a38e5a65a8e9b02e3aaf47dd5/fastapi-0.95.0-py3-none-any.whl", hash = "sha256:daf73bbe844180200be7966f68e8ec9fd8be57079dff1bacb366db32729e6eb5"},
]
"h11 0.14.0" = [
    {url = "https://pypi.doubanio.com/packages/95/04/ff642e65ad6b90db43e668d70ffb6736436c7ce41fcc549f4e9472234127/h11-0.14.0-py3-none-any.whl", hash = "sha256:e3fe4ac4b851c468cc8363d500db52c2ead036020723024a109d37346efaa761"},
    {url = "https://pypi.doubanio.com/packages/f5/38/3af3d3633a34a3316095b39c8e8fb4853a28a536e55d347bd8d8e9a14b03/h11-0.14.0.tar.gz", hash = "sha256:8f19fbbe99e72420ff35c00b27a34cb9937e902a8b810e2c88300c6f0a3b699d"},
]
"idna 3.4" = [
    {url = "https://pypi.doubanio.com/packages/8b/e1/43beb3d38dba6cb420cefa297822eac205a277ab43e5ba5d5c46faf96438/idna-3.4.tar.gz", hash = "sha256:814f528e8dead7d329833b91c5faa87d60bf71824cd12a7530b5526063d02cb4"},
    {url = "https://pypi.doubanio.com/packages/fc/34/3030de6f1370931b9dbb4dad48f6ab1015ab1d32447850b9fc94e60097be/idna-3.4-py3-none-any.whl", hash = "sha256:90b77e79eaa3eba6de819a0c442c0b4ceefc341a7a2ab77d7562bf49f425c5c2"},
]
"iso8601 1.1.0" = [
    {url = "https://pypi.doubanio.com/packages/31/8c/1c342fdd2f4af0857684d16af766201393ef53318c15fa785fcb6c3b7c32/iso8601-1.1.0.tar.gz", hash = "sha256:32811e7b81deee2063ea6d2e94f8819a86d1f3811e49d23623a41fa832bef03f"},
    {url = "https://pypi.doubanio.com/packages/65/6c/9d72435c72adfa6e4ed1824b6df7fffbeaaf15c653881e9b041a318ba572/iso8601-1.1.0-py3-none-any.whl", hash = "sha256:8400e90141bf792bce2634df533dc57e3bee19ea120a87bebcd3da89a58ad73f"},
]
"passlib 1.7.4" = [
    {url = "https://pypi.doubanio.com/packages/3b/a4/ab6b7589382ca3df236e03faa71deac88cae040af60c071a78d254a62172/passlib-1.7.4-py2.py3-none-any.whl", hash = "sha256:aa6bca462b8d8bda89c70b382f0c298a20b5560af6cbfa2dce410c0a2fb669f1"},
    {url = "https://pypi.doubanio.com/packages/b6/06/9da9ee59a67fae7761aab3ccc84fa4f3f33f125b370f1ccdb915bf967c11/passlib-1.7.4.tar.gz", hash = "sha256:defd50f72b65c5402ab2c573830a6978e5f202ad0d984793c8dde2c4152ebe04"},
]
"pyasn1 0.4.8" = [
    {url = "https://pypi.doubanio.com/packages/62/1e/a94a8d635fa3ce4cfc7f506003548d0a2447ae76fd5ca53932970fe3053f/pyasn1-0.4.8-py2.py3-none-any.whl", hash = "sha256:39c7e2ec30515947ff4e87fb6f456dfc6e84857d34be479c9d4a4ba4bf46aa5d"},
    {url = "https://pypi.doubanio.com/packages/a4/db/fffec68299e6d7bad3d504147f9094830b704527a7fc098b721d38cc7fa7/pyasn1-0.4.8.tar.gz", hash = "sha256:aef77c9fb94a3ac588e87841208bdec464471d9871bd5050a287cc9a475cd0ba"},
]
"pydantic 1.10.7" = [
    {url = "https://pypi.doubanio.com/packages/00/43/f15d991ce715a2e7a229ef7c2534527d6fe4e5d260a675bd06615a4ede82/pydantic-1.10.7-cp39-cp39-macosx_11_0_arm64.whl", hash = "sha256:976cae77ba6a49d80f461fd8bba183ff7ba79f44aa5cfa82f1346b5626542f8e"},
    {url = "https://pypi.doubanio.com/packages/05/4e/92a0c1fd305f764801dba26182b08ccf72026766fc4451d88186185467f2/pydantic-1.10.7-cp311-cp311-macosx_11_0_arm64.whl", hash = "sha256:dfe2507b8ef209da71b6fb5f4e597b50c5a34b78d7e857c4f8f3115effaef5fe"},
    {url = "https://pypi.doubanio.com/packages/07/3a/5bc906697c9aa0f0fc28f81ec25995315c999fb6df7b29e56a49b08009a3/pydantic-1.10.7-cp37-cp37m-manylinux_2_17_x86_64.manylinux2014_x86_64.whl", hash = "sha256:e0cfe895a504c060e5d36b287ee696e2fdad02d89e0d895f83037245218a87fe"},
    {url = "https://pypi.doubanio.com/packages/14/60/08f4b0a87561f64305002dffc5db2078043d46ed213e730a92e16840b120/pydantic-1.10.7-cp38-cp38-macosx_11_0_arm64.whl", hash = "sha256:6434b49c0b03a51021ade5c4daa7d70c98f7a79e95b551201fff682fc1661245"},
    {url = "https://pypi.doubanio.com/packages/21/ab/d7d0f74be71041507fe7ab1a61a71b251fc7667e720323b1f51a039370bb/pydantic-1.10.7-cp39-cp39-macosx_10_9_x86_64.whl", hash = "sha256:c230c0d8a322276d6e7b88c3f7ce885f9ed16e0910354510e0bae84d54991143"},
    {url = "https://pypi.doubanio.com/packages/2e/97/e1e06d17f0f928083c660f6750b321797371ebd43aa16eda0ae80a4d3a7c/pydantic-1.10.7-cp39-cp39-musllinux_1_1_i686.whl", hash = "sha256:abfb7d4a7cd5cc4e1d1887c43503a7c5dd608eadf8bc615413fc498d3e4645cd"},
    {url = "https://pypi.doubanio.com/packages/31/9e/32896df239096e0052e390e90eb0d374367e74bf7ce603a62841310c34c7/pydantic-1.10.7-cp310-cp310-macosx_11_0_arm64.whl", hash = "sha256:01aea3a42c13f2602b7ecbbea484a98169fb568ebd9e247593ea05f01b884b2e"},
    {url = "https://pypi.doubanio.com/packages/34/d8/fd31b8172643cbf2cfd42398cba1406ea47ca1268f5e7ba48227f06c61a6/pydantic-1.10.7-cp37-cp37m-macosx_10_9_x86_64.whl", hash = "sha256:cc1dde4e50a5fc1336ee0581c1612215bc64ed6d28d2c7c6f25d2fe3e7c3e918"},
    {url = "https://pypi.doubanio.com/packages/38/cb/21afb81e5b3270cf5504543fb94a0d7734c4536b98c893701842602f9da0/pydantic-1.10.7-cp310-cp310-musllinux_1_1_x86_64.whl", hash = "sha256:f4a2b50e2b03d5776e7f21af73e2070e1b5c0d0df255a827e7c632962f8315af"},
    {url = "https://pypi.doubanio.com/packages/42/dc/092da33080729a95805e73084abf7cc064de7ae64462d1081859b2c1b7e2/pydantic-1.10.7-cp311-cp311-manylinux_2_5_i686.manylinux1_i686.manylinux_2_17_i686.manylinux2014_i686.whl", hash = "sha256:d75ae19d2a3dbb146b6f324031c24f8a3f52ff5d6a9f22f0683694b3afcb16fb"},
    {url = "https://pypi.doubanio.com/packages/43/5f/e53a850fd32dddefc998b6bfcbda843d4ff5b0dcac02a92e414ba6c97d46/pydantic-1.10.7.tar.gz", hash = "sha256:cfc83c0678b6ba51b0532bea66860617c4cd4251ecf76e9846fa5a9f3454e97e"},
    {url = "https://pypi.doubanio.com/packages/5e/06/a6b6a325b4085558d48f8804433b523bf31b62e8bcad6a9f8537418240d6/pydantic-1.10.7-cp38-cp38-musllinux_1_1_x86_64.whl", hash = "sha256:b0f85904f73161817b80781cc150f8b906d521fa11e3cdabae19a581c3606209"},
    {url = "https://pypi.doubanio.com/packages/67/a9/f4fde01bb028c2afd0bd053ba440f7aeb609a9dc85f5d2d41a937526dbe8/pydantic-1.10.7-cp39-cp39-musllinux_1_1_x86_64.whl", hash = "sha256:80b1fab4deb08a8292d15e43a6edccdffa5377a36a4597bb545b93e79c5ff0a5"},
    {url = "https://pypi.doubanio.com/packages/67/ac/ff5f7eca22bf58dbecfd266597e15b1ec7ddc68b886157a2095a25eedb17/pydantic-1.10.7-cp311-cp311-macosx_10_9_x86_64.whl", hash = "sha256:68792151e174a4aa9e9fc1b4e653e65a354a2fa0fed169f7b3d09902ad2cb6f1"},
    {url = "https://pypi.doubanio.com/packages/73/f9/860473019e228ac0b12e5cccecc086ce1f7e41d5f1482b64b9454a528e4f/pydantic-1.10.7-cp310-cp310-manylinux_2_5_i686.manylinux1_i686.manylinux_2_17_i686.manylinux2014_i686.whl", hash = "sha256:ae150a63564929c675d7f2303008d88426a0add46efd76c3fc797cd71cb1b46f"},
    {url = "https://pypi.doubanio.com/packages/7e/2f/05c7f8dbd1de1542d7560b5e7b5aeb7d58558af2262010f8de9abb466be1/pydantic-1.10.7-cp38-cp38-musllinux_1_1_i686.whl", hash = "sha256:cf135c46099ff3f919d2150a948ce94b9ce545598ef2c6c7bf55dca98a304b52"},
    {url = "https://pypi.doubanio.com/packages/81/1b/04ce5303aee97af30b94c45699ed228b8ba6ba64c972efac184fb9a566f3/pydantic-1.10.7-cp310-cp310-manylinux_2_17_x86_64.manylinux2014_x86_64.whl", hash = "sha256:516f1ed9bc2406a0467dd777afc636c7091d71f214d5e413d64fef45174cfc7a"},
    {url = "https://pypi.doubanio.com/packages/83/f2/b86db67c476177ec73fce0ea87e3fa0fd686c0602efbd4e42e5ccdb2bab9/pydantic-1.10.7-cp37-cp37m-win_amd64.whl", hash = "sha256:82dffb306dd20bd5268fd6379bc4bfe75242a9c2b79fec58e1041fbbdb1f7914"},
    {url = "https://pypi.doubanio.com/packages/8a/64/db1aafc37fab0dad89e0a27f120a18f2316fca704e9f95096ade47b933ac/pydantic-1.10.7-cp310-cp310-win_amd64.whl", hash = "sha256:a7cd2251439988b413cb0a985c4ed82b6c6aac382dbaff53ae03c4b23a70e80a"},
    {url = "https://pypi.doubanio.com/packages/8a/9b/4a6e7f721e54269966be968b7672f23b69d396ff59af7be6ea2e7bc30d0b/pydantic-1.10.7-cp39-cp39-manylinux_2_5_i686.manylinux1_i686.manylinux_2_17_i686.manylinux2014_i686.whl", hash = "sha256:d2a5ebb48958754d386195fe9e9c5106f11275867051bf017a8059410e9abf1f"},
    {url = "https://pypi.doubanio.com/packages/8d/e1/d9219c4e4161a511158e531a84aa719087064d208c2bf87df5c58812f190/pydantic-1.10.7-py3-none-any.whl", hash = "sha256:0cd181f1d0b1d00e2b705f1bf1ac7799a2d938cce3376b8007df62b29be3c2c6"},
    {url = "https://pypi.doubanio.com/packages/91/b8/e02d21709db955b92125059d6f80a1a543f9cc9f60ef212621514462b4e9/pydantic-1.10.7-cp37-cp37m-musllinux_1_1_x86_64.whl", hash = "sha256:c15582f9055fbc1bfe50266a19771bbbef33dd28c45e78afbe1996fd70966c2a"},
    {url = "https://pypi.doubanio.com/packages/a0/ef/9b9a6c4f2e520c84c86908105bdec18a06449be0b2ec5c73526eba141402/pydantic-1.10.7-cp39-cp39-manylinux_2_17_x86_64.manylinux2014_x86_64.whl", hash = "sha256:7d45fc99d64af9aaf7e308054a0067fdcd87ffe974f2442312372dfa66e1001d"},
    {url = "https://pypi.doubanio.com/packages/a4/cb/16648745548e4c18f4b98b7e323bbac698e77cd8fc250a6b2ff83688c95f/pydantic-1.10.7-cp311-cp311-musllinux_1_1_i686.whl", hash = "sha256:464855a7ff7f2cc2cf537ecc421291b9132aa9c79aef44e917ad711b4a93163b"},
    {url = "https://pypi.doubanio.com/packages/aa/64/1b66f84ffe07562366c5ae87e83f0b3871afefd97f0632091629e6d5cfb2/pydantic-1.10.7-cp37-cp37m-manylinux_2_5_i686.manylinux1_i686.manylinux_2_17_i686.manylinux2014_i686.whl", hash = "sha256:670bb4683ad1e48b0ecb06f0cfe2178dcf74ff27921cdf1606e527d2617a81ee"},
    {url = "https://pypi.doubanio.com/packages/b8/b7/158fb5bf629f5a97c997711757fb14e831825872c6d091a41a769c9c69e4/pydantic-1.10.7-cp310-cp310-musllinux_1_1_i686.whl", hash = "sha256:ecbbc51391248116c0a055899e6c3e7ffbb11fb5e2a4cd6f2d0b93272118a209"},
    {url = "https://pypi.doubanio.com/packages/c8/70/8fe094a67a9431095069f6f9eb2a893e11fdaec8c1182016f53a535adfec/pydantic-1.10.7-cp38-cp38-win_amd64.whl", hash = "sha256:9f6f0fd68d73257ad6685419478c5aece46432f4bdd8d32c7345f1986496171e"},
    {url = "https://pypi.doubanio.com/packages/c8/f3/8b3d444bdce482d6c206ab2b3ad309ae699f3074fde3d5e54c786f22b8c0/pydantic-1.10.7-cp38-cp38-macosx_10_9_x86_64.whl", hash = "sha256:8c7f51861d73e8b9ddcb9916ae7ac39fb52761d9ea0df41128e81e2ba42886cd"},
    {url = "https://pypi.doubanio.com/packages/d1/a1/0aa23b545299186f6eabc7a5d289a951e6c033852938ae6673d75846e611/pydantic-1.10.7-cp311-cp311-manylinux_2_17_x86_64.manylinux2014_x86_64.whl", hash = "sha256:10a86d8c8db68086f1e30a530f7d5f83eb0685e632e411dbbcf2d5c0150e8dcd"},
    {url = "https://pypi.doubanio.com/packages/d5/f0/a1bab22b297fc4333d496b34e0db42bc33c85c4b0e7e7a39da76fc65a643/pydantic-1.10.7-cp311-cp311-musllinux_1_1_x86_64.whl", hash = "sha256:193924c563fae6ddcb71d3f06fa153866423ac1b793a47936656e806b64e24ca"},
    {url = "https://pypi.doubanio.com/packages/d6/59/8082b963e077ea4bec5bb85e8c0fc636e4e7b3484e6a8ceac94e743e3b74/pydantic-1.10.7-cp310-cp310-macosx_10_9_x86_64.whl", hash = "sha256:e79e999e539872e903767c417c897e729e015872040e56b96e67968c3b918b2d"},
    {url = "https://pypi.doubanio.com/packages/dc/01/03bb09fdb5c06075c5dc79d4c68885e87fdc7e8becf347d6a1ff8f890f79/pydantic-1.10.7-cp38-cp38-manylinux_2_5_i686.manylinux1_i686.manylinux_2_17_i686.manylinux2014_i686.whl", hash = "sha256:701daea9ffe9d26f97b52f1d157e0d4121644f0fcf80b443248434958fd03dc3"},
    {url = "https://pypi.doubanio.com/packages/f1/bd/0dad4908e5f693b7951b68f435139ec583f5eebb3d75505e1efa0f2284fe/pydantic-1.10.7-cp38-cp38-manylinux_2_17_x86_64.manylinux2014_x86_64.whl", hash = "sha256:64d34ab766fa056df49013bb6e79921a0265204c071984e75a09cbceacbbdd5d"},
    {url = "https://pypi.doubanio.com/packages/f6/2d/0fc591686bc119d844f26268f503a7a504fbc9dd6a02e14aa42738c21fed/pydantic-1.10.7-cp39-cp39-win_amd64.whl", hash = "sha256:d71e69699498b020ea198468e2480a2f1e7433e32a3a99760058c6520e2bea7e"},
    {url = "https://pypi.doubanio.com/packages/fa/c2/3df79cd00e65678fce12e59e8c95378a992a93d7b9f9510d4f1f65df1936/pydantic-1.10.7-cp311-cp311-win_amd64.whl", hash = "sha256:b4a849d10f211389502059c33332e91327bc154acc1845f375a99eca3afa802d"},
    {url = "https://pypi.doubanio.com/packages/fd/66/3da2e7c0306251435bd61ae9da52db8a00672fdf2b2db1e3efe1692f41dd/pydantic-1.10.7-cp37-cp37m-musllinux_1_1_i686.whl", hash = "sha256:950ce33857841f9a337ce07ddf46bc84e1c4946d2a3bba18f8280297157a3fd1"},
]
"pypika-tortoise 0.1.6" = [
    {url = "https://pypi.doubanio.com/packages/81/9e/cdeeceb107cb255cb039823dea80410df0b65c7372bd69ef178fea8287d5/pypika_tortoise-0.1.6-py3-none-any.whl", hash = "sha256:2d68bbb7e377673743cff42aa1059f3a80228d411fbcae591e4465e173109fd8"},
    {url = "https://pypi.doubanio.com/packages/86/55/1bfd4150f664d2e07b36c8f442178cc1f717bb9ae6cae20f21e851c208c6/pypika-tortoise-0.1.6.tar.gz", hash = "sha256:d802868f479a708e3263724c7b5719a26ad79399b2a70cea065f4a4cadbebf36"},
]
"python-jose 3.3.0" = [
    {url = "https://pypi.doubanio.com/packages/bd/2d/e94b2f7bab6773c70efc70a61d66e312e1febccd9e0db6b9e0adf58cbad1/python_jose-3.3.0-py2.py3-none-any.whl", hash = "sha256:9b1376b023f8b298536eedd47ae1089bcdb848f1535ab30555cd92002d78923a"},
    {url = "https://pypi.doubanio.com/packages/e4/19/b2c86504116dc5f0635d29f802da858404d77d930a25633d2e86a64a35b3/python-jose-3.3.0.tar.gz", hash = "sha256:55779b5e6ad599c6336191246e95eb2293a9ddebd555f796a65f838f07e5d78a"},
]
"python-multipart 0.0.6" = [
    {url = "https://pypi.doubanio.com/packages/2d/23/abcfad10c3348cb6358400f8adbc21b523bbc6c954494fd0974428068672/python_multipart-0.0.6.tar.gz", hash = "sha256:e9925a80bb668529f1b67c7fdb0a5dacdd7cbfc6fb0bff3ea443fe22bdd62132"},
    {url = "https://pypi.doubanio.com/packages/b4/ff/b1e11d8bffb5e0e1b6d27f402eeedbeb9be6df2cdbc09356a1ae49806dbf/python_multipart-0.0.6-py3-none-any.whl", hash = "sha256:ee698bab5ef148b0a760751c261902cd096e57e10558e11aca17646b74ee1c18"},
]
"rsa 4.9" = [
    {url = "https://pypi.doubanio.com/packages/49/97/fa78e3d2f65c02c8e1268b9aba606569fe97f6c8f7c2d74394553347c145/rsa-4.9-py3-none-any.whl", hash = "sha256:90260d9058e514786967344d0ef75fa8727eed8a7d2e43ce9f4bcf1b536174f7"},
    {url = "https://pypi.doubanio.com/packages/aa/65/7d973b89c4d2351d7fb232c2e452547ddfa243e93131e7cfa766da627b52/rsa-4.9.tar.gz", hash = "sha256:e38464a49c6c85d7f1351b0126661487a7e0a14a50f1675ec50eb34d4f20ef21"},
]
"six 1.16.0" = [
    {url = "https://pypi.doubanio.com/packages/71/39/171f1c67cd00715f190ba0b100d606d440a28c93c7714febeca8b79af85e/six-1.16.0.tar.gz", hash = "sha256:1e61c37477a1626458e36f7b1d82aa5c9b094fa4802892072e49de9c60c4c926"},
    {url = "https://pypi.doubanio.com/packages/d9/5a/e7c31adbe875f2abbb91bd84cf2dc52d792b5a01506781dbcf25c91daf11/six-1.16.0-py2.py3-none-any.whl", hash = "sha256:8abb2f1d86890a2dfb989f9a77cfcfd3e47c2a354b01111771326f8aa26e0254"},
]
"sniffio 1.3.0" = [
    {url = "https://pypi.doubanio.com/packages/c3/a0/5dba8ed157b0136607c7f2151db695885606968d1fae123dc3391e0cfdbf/sniffio-1.3.0-py3-none-any.whl", hash = "sha256:eecefdce1e5bbfb7ad2eeaabf7c1eeb404d7757c379bd1f7e5cce9d8bf425384"},
    {url = "https://pypi.doubanio.com/packages/cd/50/d49c388cae4ec10e8109b1b833fd265511840706808576df3ada99ecb0ac/sniffio-1.3.0.tar.gz", hash = "sha256:e60305c5e5d314f5389259b7f22aaa33d8f7dee49763119234af3755c55b9101"},
]
"starlette 0.26.1" = [
    {url = "https://pypi.doubanio.com/packages/12/48/f9c1ec6bee313aba264fbc2483d9070f4e4526f2538e2b55b1e4a391d938/starlette-0.26.1-py3-none-any.whl", hash = "sha256:e87fce5d7cbdde34b76f0ac69013fd9d190d581d80681493016666e6f96c6d5e"},
    {url = "https://pypi.doubanio.com/packages/52/55/98746af96f57a0ff4f108c5ac84c130af3c4e291272acf446afc67d5d5d8/starlette-0.26.1.tar.gz", hash = "sha256:41da799057ea8620e4667a3e69a5b1923ebd32b1819c8fa75634bbe8d8bea9bd"},
]
"tortoise-orm 0.19.3" = [
    {url = "https://pypi.doubanio.com/packages/58/cf/286eb8997113dd04a61c430b5a0d3b2aef9ee51031440d18357bf21740a9/tortoise_orm-0.19.3-py3-none-any.whl", hash = "sha256:9e368820c70a0866ef9c521d43aa5503485bd7a20a561edc0933b7b0f7036fbc"},
    {url = "https://pypi.doubanio.com/packages/8a/47/4369c766243067776b4899b1041281d0fc2452b67a0d5a4b7ac72f3e962f/tortoise_orm-0.19.3.tar.gz", hash = "sha256:ca574bca5191f55608f9013314b1f5d1c6ffd4165a1fcc2f60f6c902f529b3b6"},
]
"typing-extensions 4.5.0" = [
    {url = "https://pypi.doubanio.com/packages/31/25/5abcd82372d3d4a3932e1fa8c3dbf9efac10cc7c0d16e78467460571b404/typing_extensions-4.5.0-py3-none-any.whl", hash = "sha256:fb33085c39dd998ac16d1431ebc293a8b3eedd00fd4a32de0ff79002c19511b4"},
    {url = "https://pypi.doubanio.com/packages/d3/20/06270dac7316220643c32ae61694e451c98f8caf4c8eab3aa80a2bedf0df/typing_extensions-4.5.0.tar.gz", hash = "sha256:5cb5f4a79139d699607b3ef622a1dedafa84e115ab0024e0d9c044a9479ca7cb"},
]
"uvicorn 0.21.1" = [
    {url = "https://pypi.doubanio.com/packages/8c/f1/7c45fe2a09133e103dcf0621831545c268cd3f7a5d58dc7e470be91b2cd0/uvicorn-0.21.1-py3-none-any.whl", hash = "sha256:e47cac98a6da10cd41e6fd036d472c6f58ede6c5dbee3dbee3ef7a100ed97742"},
    {url = "https://pypi.doubanio.com/packages/ea/fa/362dc074f4c886e4bff1d994ed1929ed2c2a5ba85827d8f1d745fbe66de2/uvicorn-0.21.1.tar.gz", hash = "sha256:0fac9cb342ba099e0d582966005f3fdba5b0290579fed4a6266dc702ca7bb032"},
]
