{
    "_meta": {
        "hash": {
            "sha256": "6fe3c2b16b0dcf832fba888bc443d8e636d57058bdb92825c7f5b131026fe6c1"
        },
        "pipfile-spec": 6,
        "requires": {
            "python_version": "3.10"
        },
        "sources": [
            {
                "name": "pip_conf_index_global",
                "url": "https://pypi.douban.com/simple",
                "verify_ssl": true
            }
        ]
    },
    "default": {
        "aiosqlite": {
            "hashes": [
                "sha256:6c49dc6d3405929b1d08eeccc72306d3677503cc5e5e43771efc1e00232e8231",
                "sha256:f0e6acc24bc4864149267ac82fb46dfb3be4455f99fe21df82609cc6e6baee51"
            ],
            "markers": "python_version >= '3.6'",
            "version": "==0.17.0"
        },
        "anyio": {
            "hashes": [
                "sha256:25ea0d673ae30af41a0c442f81cf3b38c7e79fdc7b60335a4c14e05eb0947421",
                "sha256:fbbe32bd270d2a2ef3ed1c5d45041250284e31fc0a4df4a5a6071842051a51e3"
            ],
            "markers": "python_full_version >= '3.6.2'",
            "version": "==3.6.2"
        },
        "asyncmy": {
            "hashes": [
                "sha256:07285d782e2aa19a5a2b9ac13471f4d511959bee1d4bfb6cc71566de92236969",
                "sha256:097977b83e02d6fabdb26bfc3b574b1ee43aaf99f97f9d04214f081f7809be87",
                "sha256:0a18d8658e5fd7568448749f3cf1e2ced5e98eeade8146106f788f8d0c059729",
                "sha256:103b16771b253e634e59987412dfe914e0191b259c003b0b390caf3db0f8c090",
                "sha256:108e04113b49113b786cfe906131a72a4b453d6157cd30f0bde6beef3dae07a9",
                "sha256:128a08661c3243d1799776c1ff1b6024fb063bdfefe1b1debc10d65887a69562",
                "sha256:1324af3d552aa2833f45ae6330f98a2f243d37aa49ca3a92bde4e72f6e2603a4",
                "sha256:13318e54acabb6759eabf2af2113398ed0de93826416c2cdbf39490c80256ae0",
                "sha256:15fbd1358480b38c157307dae92cd7cf6204dcd77b6456c0516da78d5f40da95",
                "sha256:21619f0907ce759337e8ed422983614ace1fccdf63520371171681664c60a376",
                "sha256:2a80b5912167b0163845e62f3a9a1f9c9b269bacff01011c6e1222ca06f8af09",
                "sha256:2bd4f8721308cf8d33b2af0edaf7df50082371925111966d639807addcf47bd3",
                "sha256:3948ed5801aafb4449d8f1c9443e14a45103cf3d326ffcd4378b5fff532670b2",
                "sha256:3d5250e767192e8c3c428b1771bb4bc0f8b1d487c5c134747495c8e3ad46c32f",
                "sha256:4a99d5242e5b9d7aee9e743ba13f6ec6465ef60bd79a91cc2ad5f286b6c51b6d",
                "sha256:5042879e22bb6a9c7d52562e0cb0d4560225846f2c38da983f8cd3094f8223e1",
                "sha256:55f8290cd5e567051bbaf2c4a08563af91275f442030b8e0ad456d24c83a4011",
                "sha256:595dab7760d8cc38b93b0bd348083ea152b5ea6eac989e4a866e16c48ec3a6e5",
                "sha256:5d4ecc3afd1b80e98cf0de7ef168eb97159e3ad45d6aca989befd58e9fb977e9",
                "sha256:5fe7cc5914a3264a18bf9513a82ed6aa94cebde02d6cab3da992b0e4c30f1897",
                "sha256:641c49117522f7fa415786181d52ef0f9a1bc477390960574c3275ecdfd894aa",
                "sha256:64882024cddf4b94538fc96c52d15dc38ffd8f464e714e49a8779e0169d923e2",
                "sha256:64ce7a0ab89bbf87a33c2ed66709f438bf1f64feb5ebe24169d8435965ac2171",
                "sha256:652c7dc1cfbd5d3a341aa9a4981435f6d87d105c8ea31e0acd817dea3447f8f3",
                "sha256:69c17bfbf22ba125b76c08c79118d043b4b4076369800b7ecef09cedf15466a0",
                "sha256:6a2c65e3c8c9506980903639b4190f90e7dda29c4e963187fc14941d1f8ccff0",
                "sha256:6c885ae646f288bf3e130babb06bbe2a536975eb3bf16a340e4376bfa81e1107",
                "sha256:707c55b286d6d6d1e0e3ccbe5fbf5be24ea320d75fd61eec65cccd323d29ee8a",
                "sha256:71b02357570f990b8b46b085f1eb6265470be7b1dab15171bc4d01c3a5d9f437",
                "sha256:772ab5f400e15ee26515b874b10ac038bb4685d30f253bef134925391be91ed6",
                "sha256:799368f91f28fb21327bd0ca0875fa0b509d7f256476f083dc66805d26551321",
                "sha256:7a56ef1df9a4ffb984439fc211a66a508faf22eb20a013d2c15f663c7e835ff6",
                "sha256:7d7697e5db6d27296d190b0c174af5b81f597bdbc76b86e782d94d2793820cbd",
                "sha256:80efebee605f98dfd11a3deb1e0c0e278edb1b22e65a555b0cc9a49718fe6d87",
                "sha256:8a02cedca52cb4988fe2a07527351fd3d90b5a88cdd4dcc88d924fbe2dd36fee",
                "sha256:a0ce331a6b093b67d0646f7c807cfbef0b62d3166b22cab0d7c4bb7c6963ae0e",
                "sha256:a857d36f3a271870a1f64577ccc6e8d917737b2d2ab4dbfbecbff4208f991d69",
                "sha256:ae056f3ea4e3379491a73311fe2032b38ad46f87c5b28d43feb347eb2dc875c6",
                "sha256:b664b9304fe21f5719442eafbfbb344df599ccd0956371cbc3e2eeee4938ce7c",
                "sha256:b6db65395357b49a4a57d072f09fca4613fcaec887e8859b092217c65d49f770",
                "sha256:bab893f4e800eaaee2c0667c5ceac25873e7d801226f011cf24f52c73fb16274",
                "sha256:ce6b36bc642be802a20c29f296590bf1cfbc9a12e7e622665fe70b5d508ed281",
                "sha256:cf96e2afe55fc3fd5e71995ccbb0047f6666416e662e1a5610095b717ce5863b",
                "sha256:d0b8e60a43edeac8c47046b1a29c379c4d714e0ace3f0ae8c39bdef9c4bad7fb",
                "sha256:f06992591a7809d67119bd202d86cb8f851f4f05b85da2e909896d4c1742f7ac",
                "sha256:f15281b23682aceb30f01f51b5018be41328d64dc557f10e51ba994289bbe939",
                "sha256:fce60ed7f065cb857f540bfdcb9799bbde17d7d3e66640e52e009c8ad823f2c2",
                "sha256:ff0f1e806d01a1d41c400a161b0d43f208b04f5dd0478a888741edaa2cbd4ac1"
            ],
            "version": "==0.2.7"
        },
        "click": {
            "hashes": [
                "sha256:7682dc8afb30297001674575ea00d1814d808d6a36af415a82bd481d37ba7b8e",
                "sha256:bb4d8133cb15a609f44e8213d9b391b0809795062913b383c62be0ee95b1db48"
            ],
            "markers": "python_version >= '3.7'",
            "version": "==8.1.3"
        },
        "colorama": {
            "hashes": [
                "sha256:08695f5cb7ed6e0531a20572697297273c47b8cae5a63ffc6d6ed5c201be6e44",
                "sha256:4f1d9991f5acc0ca119f9d443620b77f9d6b33703e51011c16baf57afb285fc6"
            ],
            "markers": "platform_system == 'Windows'",
            "version": "==0.4.6"
        },
        "ecdsa": {
            "hashes": [
                "sha256:190348041559e21b22a1d65cee485282ca11a6f81d503fddb84d5017e9ed1e49",
                "sha256:80600258e7ed2f16b9aa1d7c295bd70194109ad5a30fdee0eaeefef1d4c559dd"
            ],
            "markers": "python_version >= '2.6' and python_version not in '3.0, 3.1, 3.2'",
            "version": "==0.18.0"
        },
        "fastapi": {
            "hashes": [
                "sha256:99d4fdb10e9dd9a24027ac1d0bd4b56702652056ca17a6c8721eec4ad2f14e18",
                "sha256:daf73bbe844180200be7966f68e8ec9fd8be57079dff1bacb366db32729e6eb5"
            ],
            "index": "pip_conf_index_global",
            "version": "==0.95.0"
        },
        "h11": {
            "hashes": [
                "sha256:8f19fbbe99e72420ff35c00b27a34cb9937e902a8b810e2c88300c6f0a3b699d",
                "sha256:e3fe4ac4b851c468cc8363d500db52c2ead036020723024a109d37346efaa761"
            ],
            "markers": "python_version >= '3.7'",
            "version": "==0.14.0"
        },
        "idna": {
            "hashes": [
                "sha256:814f528e8dead7d329833b91c5faa87d60bf71824cd12a7530b5526063d02cb4",
                "sha256:90b77e79eaa3eba6de819a0c442c0b4ceefc341a7a2ab77d7562bf49f425c5c2"
            ],
            "markers": "python_version >= '3.5'",
            "version": "==3.4"
        },
        "iso8601": {
            "hashes": [
                "sha256:32811e7b81deee2063ea6d2e94f8819a86d1f3811e49d23623a41fa832bef03f",
                "sha256:8400e90141bf792bce2634df533dc57e3bee19ea120a87bebcd3da89a58ad73f"
            ],
            "markers": "python_full_version >= '3.6.2' and python_version < '4.0'",
            "version": "==1.1.0"
        },
        "passlib": {
            "hashes": [
                "sha256:aa6bca462b8d8bda89c70b382f0c298a20b5560af6cbfa2dce410c0a2fb669f1",
                "sha256:defd50f72b65c5402ab2c573830a6978e5f202ad0d984793c8dde2c4152ebe04"
            ],
            "index": "pip_conf_index_global",
            "version": "==1.7.4"
        },
        "pyasn1": {
            "hashes": [
                "sha256:39c7e2ec30515947ff4e87fb6f456dfc6e84857d34be479c9d4a4ba4bf46aa5d",
                "sha256:aef77c9fb94a3ac588e87841208bdec464471d9871bd5050a287cc9a475cd0ba"
            ],
            "version": "==0.4.8"
        },
        "pydantic": {
            "hashes": [
                "sha256:01aea3a42c13f2602b7ecbbea484a98169fb568ebd9e247593ea05f01b884b2e",
                "sha256:0cd181f1d0b1d00e2b705f1bf1ac7799a2d938cce3376b8007df62b29be3c2c6",
                "sha256:10a86d8c8db68086f1e30a530f7d5f83eb0685e632e411dbbcf2d5c0150e8dcd",
                "sha256:193924c563fae6ddcb71d3f06fa153866423ac1b793a47936656e806b64e24ca",
                "sha256:464855a7ff7f2cc2cf537ecc421291b9132aa9c79aef44e917ad711b4a93163b",
                "sha256:516f1ed9bc2406a0467dd777afc636c7091d71f214d5e413d64fef45174cfc7a",
                "sha256:6434b49c0b03a51021ade5c4daa7d70c98f7a79e95b551201fff682fc1661245",
                "sha256:64d34ab766fa056df49013bb6e79921a0265204c071984e75a09cbceacbbdd5d",
                "sha256:670bb4683ad1e48b0ecb06f0cfe2178dcf74ff27921cdf1606e527d2617a81ee",
                "sha256:68792151e174a4aa9e9fc1b4e653e65a354a2fa0fed169f7b3d09902ad2cb6f1",
                "sha256:701daea9ffe9d26f97b52f1d157e0d4121644f0fcf80b443248434958fd03dc3",
                "sha256:7d45fc99d64af9aaf7e308054a0067fdcd87ffe974f2442312372dfa66e1001d",
                "sha256:80b1fab4deb08a8292d15e43a6edccdffa5377a36a4597bb545b93e79c5ff0a5",
                "sha256:82dffb306dd20bd5268fd6379bc4bfe75242a9c2b79fec58e1041fbbdb1f7914",
                "sha256:8c7f51861d73e8b9ddcb9916ae7ac39fb52761d9ea0df41128e81e2ba42886cd",
                "sha256:950ce33857841f9a337ce07ddf46bc84e1c4946d2a3bba18f8280297157a3fd1",
                "sha256:976cae77ba6a49d80f461fd8bba183ff7ba79f44aa5cfa82f1346b5626542f8e",
                "sha256:9f6f0fd68d73257ad6685419478c5aece46432f4bdd8d32c7345f1986496171e",
                "sha256:a7cd2251439988b413cb0a985c4ed82b6c6aac382dbaff53ae03c4b23a70e80a",
                "sha256:abfb7d4a7cd5cc4e1d1887c43503a7c5dd608eadf8bc615413fc498d3e4645cd",
                "sha256:ae150a63564929c675d7f2303008d88426a0add46efd76c3fc797cd71cb1b46f",
                "sha256:b0f85904f73161817b80781cc150f8b906d521fa11e3cdabae19a581c3606209",
                "sha256:b4a849d10f211389502059c33332e91327bc154acc1845f375a99eca3afa802d",
                "sha256:c15582f9055fbc1bfe50266a19771bbbef33dd28c45e78afbe1996fd70966c2a",
                "sha256:c230c0d8a322276d6e7b88c3f7ce885f9ed16e0910354510e0bae84d54991143",
                "sha256:cc1dde4e50a5fc1336ee0581c1612215bc64ed6d28d2c7c6f25d2fe3e7c3e918",
                "sha256:cf135c46099ff3f919d2150a948ce94b9ce545598ef2c6c7bf55dca98a304b52",
                "sha256:cfc83c0678b6ba51b0532bea66860617c4cd4251ecf76e9846fa5a9f3454e97e",
                "sha256:d2a5ebb48958754d386195fe9e9c5106f11275867051bf017a8059410e9abf1f",
                "sha256:d71e69699498b020ea198468e2480a2f1e7433e32a3a99760058c6520e2bea7e",
                "sha256:d75ae19d2a3dbb146b6f324031c24f8a3f52ff5d6a9f22f0683694b3afcb16fb",
                "sha256:dfe2507b8ef209da71b6fb5f4e597b50c5a34b78d7e857c4f8f3115effaef5fe",
                "sha256:e0cfe895a504c060e5d36b287ee696e2fdad02d89e0d895f83037245218a87fe",
                "sha256:e79e999e539872e903767c417c897e729e015872040e56b96e67968c3b918b2d",
                "sha256:ecbbc51391248116c0a055899e6c3e7ffbb11fb5e2a4cd6f2d0b93272118a209",
                "sha256:f4a2b50e2b03d5776e7f21af73e2070e1b5c0d0df255a827e7c632962f8315af"
            ],
            "index": "pip_conf_index_global",
            "version": "==1.10.7"
        },
        "pypika-tortoise": {
            "hashes": [
                "sha256:2d68bbb7e377673743cff42aa1059f3a80228d411fbcae591e4465e173109fd8",
                "sha256:d802868f479a708e3263724c7b5719a26ad79399b2a70cea065f4a4cadbebf36"
            ],
            "markers": "python_version >= '3.7' and python_version < '4.0'",
            "version": "==0.1.6"
        },
        "python-jose": {
            "hashes": [
                "sha256:55779b5e6ad599c6336191246e95eb2293a9ddebd555f796a65f838f07e5d78a",
                "sha256:9b1376b023f8b298536eedd47ae1089bcdb848f1535ab30555cd92002d78923a"
            ],
            "index": "pip_conf_index_global",
            "version": "==3.3.0"
        },
        "python-multipart": {
            "hashes": [
                "sha256:e9925a80bb668529f1b67c7fdb0a5dacdd7cbfc6fb0bff3ea443fe22bdd62132",
                "sha256:ee698bab5ef148b0a760751c261902cd096e57e10558e11aca17646b74ee1c18"
            ],
            "index": "pip_conf_index_global",
            "version": "==0.0.6"
        },
        "pytz": {
            "hashes": [
                "sha256:01a0681c4b9684a28304615eba55d1ab31ae00bf68ec157ec3708a8182dbbcd0",
                "sha256:78f4f37d8198e0627c5f1143240bb0206b8691d8d7ac6d78fee88b78733f8c4a"
            ],
            "version": "==2022.7.1"
        },
        "rsa": {
            "hashes": [
                "sha256:90260d9058e514786967344d0ef75fa8727eed8a7d2e43ce9f4bcf1b536174f7",
                "sha256:e38464a49c6c85d7f1351b0126661487a7e0a14a50f1675ec50eb34d4f20ef21"
            ],
            "markers": "python_version >= '3.6' and python_version < '4'",
            "version": "==4.9"
        },
        "six": {
            "hashes": [
                "sha256:1e61c37477a1626458e36f7b1d82aa5c9b094fa4802892072e49de9c60c4c926",
                "sha256:8abb2f1d86890a2dfb989f9a77cfcfd3e47c2a354b01111771326f8aa26e0254"
            ],
            "markers": "python_version >= '2.7' and python_version not in '3.0, 3.1, 3.2'",
            "version": "==1.16.0"
        },
        "sniffio": {
            "hashes": [
                "sha256:e60305c5e5d314f5389259b7f22aaa33d8f7dee49763119234af3755c55b9101",
                "sha256:eecefdce1e5bbfb7ad2eeaabf7c1eeb404d7757c379bd1f7e5cce9d8bf425384"
            ],
            "markers": "python_version >= '3.7'",
            "version": "==1.3.0"
        },
        "starlette": {
            "hashes": [
                "sha256:41da799057ea8620e4667a3e69a5b1923ebd32b1819c8fa75634bbe8d8bea9bd",
                "sha256:e87fce5d7cbdde34b76f0ac69013fd9d190d581d80681493016666e6f96c6d5e"
            ],
            "markers": "python_version >= '3.7'",
            "version": "==0.26.1"
        },
        "tortoise-orm": {
            "extras": [
                "asyncmy"
            ],
            "hashes": [
                "sha256:9e368820c70a0866ef9c521d43aa5503485bd7a20a561edc0933b7b0f7036fbc",
                "sha256:ca574bca5191f55608f9013314b1f5d1c6ffd4165a1fcc2f60f6c902f529b3b6"
            ],
            "index": "pip_conf_index_global",
            "version": "==0.19.3"
        },
        "typing-extensions": {
            "hashes": [
                "sha256:5cb5f4a79139d699607b3ef622a1dedafa84e115ab0024e0d9c044a9479ca7cb",
                "sha256:fb33085c39dd998ac16d1431ebc293a8b3eedd00fd4a32de0ff79002c19511b4"
            ],
            "markers": "python_version >= '3.7'",
            "version": "==4.5.0"
        },
        "uvicorn": {
            "hashes": [
                "sha256:0fac9cb342ba099e0d582966005f3fdba5b0290579fed4a6266dc702ca7bb032",
                "sha256:e47cac98a6da10cd41e6fd036d472c6f58ede6c5dbee3dbee3ef7a100ed97742"
            ],
            "index": "pip_conf_index_global",
            "version": "==0.21.1"
        }
    },
    "develop": {}
}
